
Microsoft Visual Studio Solution File, Format Version 12.00
# Visual Studio Version 17
VisualStudioVersion = 17.5.33516.290
MinimumVisualStudioVersion = 10.0.40219.1
Project("{9A19103F-16F7-4668-BE54-9A1E7A4F7556}") = "SanLibrary.Web", "SanLibrary.Web\SanLibrary.Web.csproj", "{5D3F230C-F931-490C-8A0F-2C20C4820847}"
EndProject
Project("{9A19103F-16F7-4668-BE54-9A1E7A4F7556}") = "SanLibrary.Core", "SanLibrary.Core\SanLibrary.Core.csproj", "{56C0FB9F-6865-442E-9EAB-206A3FE86F4D}"
EndProject
Project("{9A19103F-16F7-4668-BE54-9A1E7A4F7556}") = "SanLibrary.Application", "SanLibrary.Application\SanLibrary.Application.csproj", "{E117DBDC-BEE5-47A8-8BEF-E196F2EDA25B}"
EndProject
Project("{9A19103F-16F7-4668-BE54-9A1E7A4F7556}") = "SanLibrary.Infrastructure", "SanLibrary.Infrastructure\SanLibrary.Infrastructure.csproj", "{CEEA5819-98E4-4932-A7AC-E51892F3F52E}"
EndProject
Project("{FAE04EC0-301F-11D3-BF4B-00C04F79EFBC}") = "SanLibrary.Console", "SanLibrary.Console\SanLibrary.Console.csproj", "{8475A3E4-7E1F-43D1-B4FF-A0D8F26ECAF3}"
EndProject
Global
	GlobalSection(SolutionConfigurationPlatforms) = preSolution
		Debug|Any CPU = Debug|Any CPU
		Release|Any CPU = Release|Any CPU
	EndGlobalSection
	GlobalSection(ProjectConfigurationPlatforms) = postSolution
		{5D3F230C-F931-490C-8A0F-2C20C4820847}.Debug|Any CPU.ActiveCfg = Debug|Any CPU
		{5D3F230C-F931-490C-8A0F-2C20C4820847}.Debug|Any CPU.Build.0 = Debug|Any CPU
		{5D3F230C-F931-490C-8A0F-2C20C4820847}.Release|Any CPU.ActiveCfg = Release|Any CPU
		{5D3F230C-F931-490C-8A0F-2C20C4820847}.Release|Any CPU.Build.0 = Release|Any CPU
		{56C0FB9F-6865-442E-9EAB-206A3FE86F4D}.Debug|Any CPU.ActiveCfg = Debug|Any CPU
		{56C0FB9F-6865-442E-9EAB-206A3FE86F4D}.Debug|Any CPU.Build.0 = Debug|Any CPU
		{56C0FB9F-6865-442E-9EAB-206A3FE86F4D}.Release|Any CPU.ActiveCfg = Release|Any CPU
		{56C0FB9F-6865-442E-9EAB-206A3FE86F4D}.Release|Any CPU.Build.0 = Release|Any CPU
		{E117DBDC-BEE5-47A8-8BEF-E196F2EDA25B}.Debug|Any CPU.ActiveCfg = Debug|Any CPU
		{E117DBDC-BEE5-47A8-8BEF-E196F2EDA25B}.Debug|Any CPU.Build.0 = Debug|Any CPU
		{E117DBDC-BEE5-47A8-8BEF-E196F2EDA25B}.Release|Any CPU.ActiveCfg = Release|Any CPU
		{E117DBDC-BEE5-47A8-8BEF-E196F2EDA25B}.Release|Any CPU.Build.0 = Release|Any CPU
		{CEEA5819-98E4-4932-A7AC-E51892F3F52E}.Debug|Any CPU.ActiveCfg = Debug|Any CPU
		{CEEA5819-98E4-4932-A7AC-E51892F3F52E}.Debug|Any CPU.Build.0 = Debug|Any CPU
		{CEEA5819-98E4-4932-A7AC-E51892F3F52E}.Release|Any CPU.ActiveCfg = Release|Any CPU
		{CEEA5819-98E4-4932-A7AC-E51892F3F52E}.Release|Any CPU.Build.0 = Release|Any CPU
		{8475A3E4-7E1F-43D1-B4FF-A0D8F26ECAF3}.Debug|Any CPU.ActiveCfg = Debug|Any CPU
		{8475A3E4-7E1F-43D1-B4FF-A0D8F26ECAF3}.Debug|Any CPU.Build.0 = Debug|Any CPU
		{8475A3E4-7E1F-43D1-B4FF-A0D8F26ECAF3}.Release|Any CPU.ActiveCfg = Release|Any CPU
		{8475A3E4-7E1F-43D1-B4FF-A0D8F26ECAF3}.Release|Any CPU.Build.0 = Release|Any CPU
	EndGlobalSection
	GlobalSection(SolutionProperties) = preSolution
		HideSolutionNode = FALSE
	EndGlobalSection
	GlobalSection(ExtensibilityGlobals) = postSolution
		SolutionGuid = {4EF8E079-4E21-445E-99E2-9572FA7F2EB0}
	EndGlobalSection
EndGlobal
